hash: f6a3e23a564aa9ba22fe75688ffc037b8b37778a41d7f035228919ab87c206c6
updated: 2020-06-01T06:43:20.913936868Z
imports:
- name: golang.org/x/net
  version: 3c3fba18258b2a1398a025a6aeb7374d2a470009
  subpackages:
  - context
  - http/httpguts
  - http2
  - http2/h2c
  - http2/hpack
  - idna
testImports:
- name: github.com/davecgh/go-spew
  version: d8f796af33cc11cb798c1aaeb27a4ebc5099927d
  subpackages:
  - spew
- name: github.com/pmezard/go-difflib
  version: 5d4384ee4fb2527b0a1256a821ebfc92f91efefc
  subpackages:
  - difflib
- name: github.com/stretchr/testify
  version: 004e3cb72213e5e727e4e08f668ee6c8f27e5d32
  subpackages:
  - assert
  - require
- name: golang.org/x/text
  version: 81608d7e9c6863c922f599e4ff1329a685218c0d
  subpackages:
  - secure/bidirule
  - transform
  - unicode/bidi
  - unicode/norm
- name: gopkg.in/yaml.v3
  version: 2ff61e1afc866138abf1a8adf3cc89721090ac31
